
Microsoft Visual Studio Solution File, Format Version 12.00
# Visual Studio 15
Project("{FAE04EC0-301F-11D3-BF4B-00C04F79EFBC}") = "Assembly-CSharp", "Assembly-CSharp.csproj", "{CF825809-0C44-ECCF-EDC3-60E93DE9FB48}"
EndProject
Project("{FAE04EC0-301F-11D3-BF4B-00C04F79EFBC}") = "Assembly-CSharp-Editor", "Assembly-CSharp-Editor.csproj", "{FA9C3E9E-2166-5540-7058-01C0F4D44CBA}"
EndProject
Global
	GlobalSection(SolutionConfigurationPlatforms) = preSolution
		Debug|Any CPU = Debug|Any CPU
		Release|Any CPU = Release|Any CPU
	EndGlobalSection
	GlobalSection(ProjectConfigurationPlatforms) = postSolution
		{CF825809-0C44-ECCF-EDC3-60E93DE9FB48}.Debug|Any CPU.ActiveCfg = Debug|Any CPU
		{CF825809-0C44-ECCF-EDC3-60E93DE9FB48}.Debug|Any CPU.Build.0 = Debug|Any CPU
		{CF825809-0C44-ECCF-EDC3-60E93DE9FB48}.Release|Any CPU.ActiveCfg = Release|Any CPU
		{CF825809-0C44-ECCF-EDC3-60E93DE9FB48}.Release|Any CPU.Build.0 = Release|Any CPU
		{FA9C3E9E-2166-5540-7058-01C0F4D44CBA}.Debug|Any CPU.ActiveCfg = Debug|Any CPU
		{FA9C3E9E-2166-5540-7058-01C0F4D44CBA}.Debug|Any CPU.Build.0 = Debug|Any CPU
		{FA9C3E9E-2166-5540-7058-01C0F4D44CBA}.Release|Any CPU.ActiveCfg = Release|Any CPU
		{FA9C3E9E-2166-5540-7058-01C0F4D44CBA}.Release|Any CPU.Build.0 = Release|Any CPU
	EndGlobalSection
	GlobalSection(SolutionProperties) = preSolution
		HideSolutionNode = FALSE
	EndGlobalSection
EndGlobal
